
Microsoft Visual Studio Solution File, Format Version 12.00
# Visual Studio Version 16
VisualStudioVersion = 16.0.31729.503
MinimumVisualStudioVersion = 10.0.40219.1
Project("{FAE04EC0-301F-11D3-BF4B-00C04F79EFBC}") = "WindowsFormsApp1", "WindowsFormsApp1\WindowsFormsApp1.csproj", "{661472CE-577A-45F9-BF7C-3FE7415329F8}"
EndProject
Project("{FAE04EC0-301F-11D3-BF4B-00C04F79EFBC}") = "Host", "..\pluginHost\Host\Host.csproj", "{6FA2ED30-D723-480A-9C5C-1C77C4E75D0F}"
EndProject
Project("{FAE04EC0-301F-11D3-BF4B-00C04F79EFBC}") = "PluginInterface", "..\pluginInterface\PluginInterface\PluginInterface.csproj", "{00D0C21D-D94C-4B0F-A710-1EFBABB4C4C6}"
EndProject
Project("{FAE04EC0-301F-11D3-BF4B-00C04F79EFBC}") = "Plugin1", "..\plugin1\Plugin1\Plugin1.csproj", "{6DEE618D-9BD9-46E0-B202-E10AAC51AA05}"
EndProject
Project("{FAE04EC0-301F-11D3-BF4B-00C04F79EFBC}") = "Plugin2", "..\plugin2\Plugin2\Plugin2.csproj", "{ED8E2173-836A-460B-9D00-C90237228721}"
EndProject
Project("{FAE04EC0-301F-11D3-BF4B-00C04F79EFBC}") = "Plugin3", "..\plugin3\Plugin3\Plugin3.csproj", "{146A1C6B-5F62-4A6C-9759-9115C6E39CA3}"
EndProject
Project("{FAE04EC0-301F-11D3-BF4B-00C04F79EFBC}") = "Plugin4", "..\plugin4\Plugin4\Plugin4.csproj", "{904CD00C-4CDF-4913-A330-9F60A9EAAD41}"
EndProject
Project("{FAE04EC0-301F-11D3-BF4B-00C04F79EFBC}") = "PluginHarit", "..\pluginHarit\63030097\PluginHarit.csproj", "{5BF3CC29-290D-4982-85B1-8836F52A4192}"
EndProject
Global
	GlobalSection(SolutionConfigurationPlatforms) = preSolution
		Debug|Any CPU = Debug|Any CPU
		Release|Any CPU = Release|Any CPU
	EndGlobalSection
	GlobalSection(ProjectConfigurationPlatforms) = postSolution
		{661472CE-577A-45F9-BF7C-3FE7415329F8}.Debug|Any CPU.ActiveCfg = Debug|Any CPU
		{661472CE-577A-45F9-BF7C-3FE7415329F8}.Debug|Any CPU.Build.0 = Debug|Any CPU
		{661472CE-577A-45F9-BF7C-3FE7415329F8}.Release|Any CPU.ActiveCfg = Release|Any CPU
		{661472CE-577A-45F9-BF7C-3FE7415329F8}.Release|Any CPU.Build.0 = Release|Any CPU
		{6FA2ED30-D723-480A-9C5C-1C77C4E75D0F}.Debug|Any CPU.ActiveCfg = Debug|Any CPU
		{6FA2ED30-D723-480A-9C5C-1C77C4E75D0F}.Debug|Any CPU.Build.0 = Debug|Any CPU
		{6FA2ED30-D723-480A-9C5C-1C77C4E75D0F}.Release|Any CPU.ActiveCfg = Release|Any CPU
		{6FA2ED30-D723-480A-9C5C-1C77C4E75D0F}.Release|Any CPU.Build.0 = Release|Any CPU
		{00D0C21D-D94C-4B0F-A710-1EFBABB4C4C6}.Debug|Any CPU.ActiveCfg = Debug|Any CPU
		{00D0C21D-D94C-4B0F-A710-1EFBABB4C4C6}.Debug|Any CPU.Build.0 = Debug|Any CPU
		{00D0C21D-D94C-4B0F-A710-1EFBABB4C4C6}.Release|Any CPU.ActiveCfg = Release|Any CPU
		{00D0C21D-D94C-4B0F-A710-1EFBABB4C4C6}.Release|Any CPU.Build.0 = Release|Any CPU
		{6DEE618D-9BD9-46E0-B202-E10AAC51AA05}.Debug|Any CPU.ActiveCfg = Debug|Any CPU
		{6DEE618D-9BD9-46E0-B202-E10AAC51AA05}.Debug|Any CPU.Build.0 = Debug|Any CPU
		{6DEE618D-9BD9-46E0-B202-E10AAC51AA05}.Release|Any CPU.ActiveCfg = Release|Any CPU
		{6DEE618D-9BD9-46E0-B202-E10AAC51AA05}.Release|Any CPU.Build.0 = Release|Any CPU
		{ED8E2173-836A-460B-9D00-C90237228721}.Debug|Any CPU.ActiveCfg = Debug|Any CPU
		{ED8E2173-836A-460B-9D00-C90237228721}.Debug|Any CPU.Build.0 = Debug|Any CPU
		{ED8E2173-836A-460B-9D00-C90237228721}.Release|Any CPU.ActiveCfg = Release|Any CPU
		{ED8E2173-836A-460B-9D00-C90237228721}.Release|Any CPU.Build.0 = Release|Any CPU
		{146A1C6B-5F62-4A6C-9759-9115C6E39CA3}.Debug|Any CPU.ActiveCfg = Debug|Any CPU
		{146A1C6B-5F62-4A6C-9759-9115C6E39CA3}.Debug|Any CPU.Build.0 = Debug|Any CPU
		{146A1C6B-5F62-4A6C-9759-9115C6E39CA3}.Release|Any CPU.ActiveCfg = Release|Any CPU
		{146A1C6B-5F62-4A6C-9759-9115C6E39CA3}.Release|Any CPU.Build.0 = Release|Any CPU
		{904CD00C-4CDF-4913-A330-9F60A9EAAD41}.Debug|Any CPU.ActiveCfg = Debug|Any CPU
		{904CD00C-4CDF-4913-A330-9F60A9EAAD41}.Debug|Any CPU.Build.0 = Debug|Any CPU
		{904CD00C-4CDF-4913-A330-9F60A9EAAD41}.Release|Any CPU.ActiveCfg = Release|Any CPU
		{904CD00C-4CDF-4913-A330-9F60A9EAAD41}.Release|Any CPU.Build.0 = Release|Any CPU
		{5BF3CC29-290D-4982-85B1-8836F52A4192}.Debug|Any CPU.ActiveCfg = Debug|Any CPU
		{5BF3CC29-290D-4982-85B1-8836F52A4192}.Debug|Any CPU.Build.0 = Debug|Any CPU
		{5BF3CC29-290D-4982-85B1-8836F52A4192}.Release|Any CPU.ActiveCfg = Release|Any CPU
		{5BF3CC29-290D-4982-85B1-8836F52A4192}.Release|Any CPU.Build.0 = Release|Any CPU
	EndGlobalSection
	GlobalSection(SolutionProperties) = preSolution
		HideSolutionNode = FALSE
	EndGlobalSection
	GlobalSection(ExtensibilityGlobals) = postSolution
		SolutionGuid = {2C431B8E-F5B9-47DC-B737-EA3213F601D9}
	EndGlobalSection
EndGlobal
